// !$*UTF8*$!
{
	archiveVersion = 1;
	classes = {
	};
	objectVersion = 50;
	objects = {

/* Begin PBXBuildFile section */
		EF02AFFE26679355009378A2 /* WidgetKit.framework in Frameworks */ = {isa = PBXBuildFile; fileRef = EF02AFFD26679355009378A2 /* WidgetKit.framework */; };
		EF02B00026679355009378A2 /* SwiftUI.framework in Frameworks */ = {isa = PBXBuildFile; fileRef = EF02AFFF26679355009378A2 /* SwiftUI.framework */; };
		EF02B00326679355009378A2 /* ClockWidget.swift in Sources */ = {isa = PBXBuildFile; fileRef = EF02B00226679355009378A2 /* ClockWidget.swift */; };
		EF02B00526679355009378A2 /* Assets.xcassets in Resources */ = {isa = PBXBuildFile; fileRef = EF02B00426679355009378A2 /* Assets.xcassets */; };
		EF02B00926679355009378A2 /* ClockWidgetExtension.appex in Embed App Extensions */ = {isa = PBXBuildFile; fileRef = EF02AFFB26679355009378A2 /* ClockWidgetExtension.appex */; settings = {ATTRIBUTES = (RemoveHeadersOnCopy, ); }; };
		EF02B0152667989C009378A2 /* LetsGoDigital.ttf in Resources */ = {isa = PBXBuildFile; fileRef = EF02B0142667989C009378A2 /* LetsGoDigital.ttf */; };
		EFC6F586266781EB004920E6 /* FlipClockApp.swift in Sources */ = {isa = PBXBuildFile; fileRef = EFC6F573266781EA004920E6 /* FlipClockApp.swift */; };
		EFC6F587266781EB004920E6 /* FlipClockApp.swift in Sources */ = {isa = PBXBuildFile; fileRef = EFC6F573266781EA004920E6 /* FlipClockApp.swift */; };
		EFC6F588266781EB004920E6 /* ContentView.swift in Sources */ = {isa = PBXBuildFile; fileRef = EFC6F574266781EA004920E6 /* ContentView.swift */; };
		EFC6F589266781EB004920E6 /* ContentView.swift in Sources */ = {isa = PBXBuildFile; fileRef = EFC6F574266781EA004920E6 /* ContentView.swift */; };
		EFC6F58A266781EB004920E6 /* Assets.xcassets in Resources */ = {isa = PBXBuildFile; fileRef = EFC6F575266781EB004920E6 /* Assets.xcassets */; };
		EFC6F58B266781EB004920E6 /* Assets.xcassets in Resources */ = {isa = PBXBuildFile; fileRef = EFC6F575266781EB004920E6 /* Assets.xcassets */; };
		EFC6F59A26678380004920E6 /* ColorExtension.swift in Sources */ = {isa = PBXBuildFile; fileRef = EFC6F59926678380004920E6 /* ColorExtension.swift */; };
		EFC6F59B26678380004920E6 /* ColorExtension.swift in Sources */ = {isa = PBXBuildFile; fileRef = EFC6F59926678380004920E6 /* ColorExtension.swift */; };
		EFC6F5A0266783E2004920E6 /* FlipViewModel.swift in Sources */ = {isa = PBXBuildFile; fileRef = EFC6F59E266783E2004920E6 /* FlipViewModel.swift */; };
		EFC6F5A1266783E2004920E6 /* FlipViewModel.swift in Sources */ = {isa = PBXBuildFile; fileRef = EFC6F59E266783E2004920E6 /* FlipViewModel.swift */; };
		EFC6F5A2266783E2004920E6 /* ClockViewModel.swift in Sources */ = {isa = PBXBuildFile; fileRef = EFC6F59F266783E2004920E6 /* ClockViewModel.swift */; };
		EFC6F5A3266783E2004920E6 /* ClockViewModel.swift in Sources */ = {isa = PBXBuildFile; fileRef = EFC6F59F266783E2004920E6 /* ClockViewModel.swift */; };
		EFC6F5A826678421004920E6 /* SingleFlipView.swift in Sources */ = {isa = PBXBuildFile; fileRef = EFC6F5A526678421004920E6 /* SingleFlipView.swift */; };
		EFC6F5A926678421004920E6 /* SingleFlipView.swift in Sources */ = {isa = PBXBuildFile; fileRef = EFC6F5A526678421004920E6 /* SingleFlipView.swift */; };
		EFC6F5AA26678421004920E6 /* ClockView.swift in Sources */ = {isa = PBXBuildFile; fileRef = EFC6F5A626678421004920E6 /* ClockView.swift */; };
		EFC6F5AB26678421004920E6 /* ClockView.swift in Sources */ = {isa = PBXBuildFile; fileRef = EFC6F5A626678421004920E6 /* ClockView.swift */; };
		EFC6F5AC26678421004920E6 /* FlipView.swift in Sources */ = {isa = PBXBuildFile; fileRef = EFC6F5A726678421004920E6 /* FlipView.swift */; };
		EFC6F5AD26678421004920E6 /* FlipView.swift in Sources */ = {isa = PBXBuildFile; fileRef = EFC6F5A726678421004920E6 /* FlipView.swift */; };
/* End PBXBuildFile section */

/* Begin PBXContainerItemProxy section */
		EF02B00726679355009378A2 /* PBXContainerItemProxy */ = {
			isa = PBXContainerItemProxy;
			containerPortal = EFC6F56E266781EA004920E6 /* Project object */;
			proxyType = 1;
			remoteGlobalIDString = EF02AFFA26679355009378A2;
			remoteInfo = ClockWidgetExtension;
		};
/* End PBXContainerItemProxy section */

/* Begin PBXCopyFilesBuildPhase section */
		EF02B00A26679355009378A2 /* Embed App Extensions */ = {
			isa = PBXCopyFilesBuildPhase;
			buildActionMask = 2147483647;
			dstPath = "";
			dstSubfolderSpec = 13;
			files = (
				EF02B00926679355009378A2 /* ClockWidgetExtension.appex in Embed App Extensions */,
			);
			name = "Embed App Extensions";
			runOnlyForDeploymentPostprocessing = 0;
		};
/* End PBXCopyFilesBuildPhase section */

/* Begin PBXFileReference section */
		EF02AFFB26679355009378A2 /* ClockWidgetExtension.appex */ = {isa = PBXFileReference; explicitFileType = "wrapper.app-extension"; includeInIndex = 0; path = ClockWidgetExtension.appex; sourceTree = BUILT_PRODUCTS_DIR; };
		EF02AFFD26679355009378A2 /* WidgetKit.framework */ = {isa = PBXFileReference; lastKnownFileType = wrapper.framework; name = WidgetKit.framework; path = System/Library/Frameworks/WidgetKit.framework; sourceTree = SDKROOT; };
		EF02AFFF26679355009378A2 /* SwiftUI.framework */ = {isa = PBXFileReference; lastKnownFileType = wrapper.framework; name = SwiftUI.framework; path = System/Library/Frameworks/SwiftUI.framework; sourceTree = SDKROOT; };
		EF02B00226679355009378A2 /* ClockWidget.swift */ = {isa = PBXFileReference; lastKnownFileType = sourcecode.swift; path = ClockWidget.swift; sourceTree = "<group>"; };
		EF02B00426679355009378A2 /* Assets.xcassets */ = {isa = PBXFileReference; lastKnownFileType = folder.assetcatalog; path = Assets.xcassets; sourceTree = "<group>"; };
		EF02B00626679355009378A2 /* Info.plist */ = {isa = PBXFileReference; lastKnownFileType = text.plist.xml; path = Info.plist; sourceTree = "<group>"; };
		EF02B0142667989C009378A2 /* LetsGoDigital.ttf */ = {isa = PBXFileReference; lastKnownFileType = file; path = LetsGoDigital.ttf; sourceTree = "<group>"; };
		EFC6F573266781EA004920E6 /* FlipClockApp.swift */ = {isa = PBXFileReference; lastKnownFileType = sourcecode.swift; path = FlipClockApp.swift; sourceTree = "<group>"; };
		EFC6F574266781EA004920E6 /* ContentView.swift */ = {isa = PBXFileReference; lastKnownFileType = sourcecode.swift; path = ContentView.swift; sourceTree = "<group>"; };
		EFC6F575266781EB004920E6 /* Assets.xcassets */ = {isa = PBXFileReference; lastKnownFileType = folder.assetcatalog; path = Assets.xcassets; sourceTree = "<group>"; };
		EFC6F57A266781EB004920E6 /* FlipClock.app */ = {isa = PBXFileReference; explicitFileType = wrapper.application; includeInIndex = 0; path = FlipClock.app; sourceTree = BUILT_PRODUCTS_DIR; };
		EFC6F57D266781EB004920E6 /* Info.plist */ = {isa = PBXFileReference; lastKnownFileType = text.plist.xml; path = Info.plist; sourceTree = "<group>"; };
		EFC6F582266781EB004920E6 /* FlipClock.app */ = {isa = PBXFileReference; explicitFileType = wrapper.application; includeInIndex = 0; path = FlipClock.app; sourceTree = BUILT_PRODUCTS_DIR; };
		EFC6F584266781EB004920E6 /* Info.plist */ = {isa = PBXFileReference; lastKnownFileType = text.plist.xml; path = Info.plist; sourceTree = "<group>"; };
		EFC6F585266781EB004920E6 /* macOS.entitlements */ = {isa = PBXFileReference; lastKnownFileType = text.plist.entitlements; path = macOS.entitlements; sourceTree = "<group>"; };
		EFC6F59926678380004920E6 /* ColorExtension.swift */ = {isa = PBXFileReference; fileEncoding = 4; lastKnownFileType = sourcecode.swift; path = ColorExtension.swift; sourceTree = "<group>"; };
		EFC6F59E266783E2004920E6 /* FlipViewModel.swift */ = {isa = PBXFileReference; fileEncoding = 4; lastKnownFileType = sourcecode.swift; path = FlipViewModel.swift; sourceTree = "<group>"; };
		EFC6F59F266783E2004920E6 /* ClockViewModel.swift */ = {isa = PBXFileReference; fileEncoding = 4; lastKnownFileType = sourcecode.swift; path = ClockViewModel.swift; sourceTree = "<group>"; };
		EFC6F5A526678421004920E6 /* SingleFlipView.swift */ = {isa = PBXFileReference; fileEncoding = 4; lastKnownFileType = sourcecode.swift; path = SingleFlipView.swift; sourceTree = "<group>"; };
		EFC6F5A626678421004920E6 /* ClockView.swift */ = {isa = PBXFileReference; fileEncoding = 4; lastKnownFileType = sourcecode.swift; path = ClockView.swift; sourceTree = "<group>"; };
		EFC6F5A726678421004920E6 /* FlipView.swift */ = {isa = PBXFileReference; fileEncoding = 4; lastKnownFileType = sourcecode.swift; path = FlipView.swift; sourceTree = "<group>"; };
/* End PBXFileReference section */

/* Begin PBXFrameworksBuildPhase section */
		EF02AFF826679355009378A2 /* Frameworks */ = {
			isa = PBXFrameworksBuildPhase;
			buildActionMask = 2147483647;
			files = (
				EF02B00026679355009378A2 /* SwiftUI.framework in Frameworks */,
				EF02AFFE26679355009378A2 /* WidgetKit.framework in Frameworks */,
			);
			runOnlyForDeploymentPostprocessing = 0;
		};
		EFC6F577266781EB004920E6 /* Frameworks */ = {
			isa = PBXFrameworksBuildPhase;
			buildActionMask = 2147483647;
			files = (
			);
			runOnlyForDeploymentPostprocessing = 0;
		};
		EFC6F57F266781EB004920E6 /* Frameworks */ = {
			isa = PBXFrameworksBuildPhase;
			buildActionMask = 2147483647;
			files = (
			);
			runOnlyForDeploymentPostprocessing = 0;
		};
/* End PBXFrameworksBuildPhase section */

/* Begin PBXGroup section */
		EF02AFFC26679355009378A2 /* Frameworks */ = {
			isa = PBXGroup;
			children = (
				EF02AFFD26679355009378A2 /* WidgetKit.framework */,
				EF02AFFF26679355009378A2 /* SwiftUI.framework */,
			);
			name = Frameworks;
			sourceTree = "<group>";
		};
		EF02B00126679355009378A2 /* ClockWidget */ = {
			isa = PBXGroup;
			children = (
				EF02B0142667989C009378A2 /* LetsGoDigital.ttf */,
				EF02B00226679355009378A2 /* ClockWidget.swift */,
				EF02B00426679355009378A2 /* Assets.xcassets */,
				EF02B00626679355009378A2 /* Info.plist */,
			);
			path = ClockWidget;
			sourceTree = "<group>";
		};
		EFC6F56D266781EA004920E6 = {
			isa = PBXGroup;
			children = (
				EFC6F572266781EA004920E6 /* Shared */,
				EFC6F57C266781EB004920E6 /* iOS */,
				EFC6F583266781EB004920E6 /* macOS */,
				EF02B00126679355009378A2 /* ClockWidget */,
				EF02AFFC26679355009378A2 /* Frameworks */,
				EFC6F57B266781EB004920E6 /* Products */,
			);
			sourceTree = "<group>";
		};
		EFC6F572266781EA004920E6 /* Shared */ = {
			isa = PBXGroup;
			children = (
				EFC6F59826678317004920E6 /* Extensions */,
				EFC6F5A4266783FC004920E6 /* View */,
				EFC6F59C266783AA004920E6 /* ViewModel */,
				EFC6F573266781EA004920E6 /* FlipClockApp.swift */,
				EFC6F574266781EA004920E6 /* ContentView.swift */,
				EFC6F575266781EB004920E6 /* Assets.xcassets */,
			);
			path = Shared;
			sourceTree = "<group>";
		};
		EFC6F57B266781EB004920E6 /* Products */ = {
			isa = PBXGroup;
			children = (
				EFC6F57A266781EB004920E6 /* FlipClock.app */,
				EFC6F582266781EB004920E6 /* FlipClock.app */,
				EF02AFFB26679355009378A2 /* ClockWidgetExtension.appex */,
			);
			name = Products;
			sourceTree = "<group>";
		};
		EFC6F57C266781EB004920E6 /* iOS */ = {
			isa = PBXGroup;
			children = (
				EFC6F57D266781EB004920E6 /* Info.plist */,
			);
			path = iOS;
			sourceTree = "<group>";
		};
		EFC6F583266781EB004920E6 /* macOS */ = {
			isa = PBXGroup;
			children = (
				EFC6F584266781EB004920E6 /* Info.plist */,
				EFC6F585266781EB004920E6 /* macOS.entitlements */,
			);
			path = macOS;
			sourceTree = "<group>";
		};
		EFC6F59826678317004920E6 /* Extensions */ = {
			isa = PBXGroup;
			children = (
				EFC6F59926678380004920E6 /* ColorExtension.swift */,
			);
			path = Extensions;
			sourceTree = "<group>";
		};
		EFC6F59C266783AA004920E6 /* ViewModel */ = {
			isa = PBXGroup;
			children = (
				EFC6F59F266783E2004920E6 /* ClockViewModel.swift */,
				EFC6F59E266783E2004920E6 /* FlipViewModel.swift */,
			);
			path = ViewModel;
			sourceTree = "<group>";
		};
		EFC6F5A4266783FC004920E6 /* View */ = {
			isa = PBXGroup;
			children = (
				EFC6F5A626678421004920E6 /* ClockView.swift */,
				EFC6F5A726678421004920E6 /* FlipView.swift */,
				EFC6F5A526678421004920E6 /* SingleFlipView.swift */,
			);
			path = View;
			sourceTree = "<group>";
		};
/* End PBXGroup section */

/* Begin PBXNativeTarget section */
		EF02AFFA26679355009378A2 /* ClockWidgetExtension */ = {
			isa = PBXNativeTarget;
			buildConfigurationList = EF02B00D26679355009378A2 /* Build configuration list for PBXNativeTarget "ClockWidgetExtension" */;
			buildPhases = (
				EF02AFF726679355009378A2 /* Sources */,
				EF02AFF826679355009378A2 /* Frameworks */,
				EF02AFF926679355009378A2 /* Resources */,
			);
			buildRules = (
			);
			dependencies = (
			);
			name = ClockWidgetExtension;
			productName = ClockWidgetExtension;
			productReference = EF02AFFB26679355009378A2 /* ClockWidgetExtension.appex */;
			productType = "com.apple.product-type.app-extension";
		};
		EFC6F579266781EB004920E6 /* FlipClock (iOS) */ = {
			isa = PBXNativeTarget;
			buildConfigurationList = EFC6F58E266781EB004920E6 /* Build configuration list for PBXNativeTarget "FlipClock (iOS)" */;
			buildPhases = (
				EFC6F576266781EB004920E6 /* Sources */,
				EFC6F577266781EB004920E6 /* Frameworks */,
				EFC6F578266781EB004920E6 /* Resources */,
				EF02B00A26679355009378A2 /* Embed App Extensions */,
			);
			buildRules = (
			);
			dependencies = (
				EF02B00826679355009378A2 /* PBXTargetDependency */,
			);
			name = "FlipClock (iOS)";
			productName = "FlipClock (iOS)";
			productReference = EFC6F57A266781EB004920E6 /* FlipClock.app */;
			productType = "com.apple.product-type.application";
		};
		EFC6F581266781EB004920E6 /* FlipClock (macOS) */ = {
			isa = PBXNativeTarget;
			buildConfigurationList = EFC6F591266781EB004920E6 /* Build configuration list for PBXNativeTarget "FlipClock (macOS)" */;
			buildPhases = (
				EFC6F57E266781EB004920E6 /* Sources */,
				EFC6F57F266781EB004920E6 /* Frameworks */,
				EFC6F580266781EB004920E6 /* Resources */,
			);
			buildRules = (
			);
			dependencies = (
			);
			name = "FlipClock (macOS)";
			productName = "FlipClock (macOS)";
			productReference = EFC6F582266781EB004920E6 /* FlipClock.app */;
			productType = "com.apple.product-type.application";
		};
/* End PBXNativeTarget section */

/* Begin PBXProject section */
		EFC6F56E266781EA004920E6 /* Project object */ = {
			isa = PBXProject;
			attributes = {
				LastSwiftUpdateCheck = 1250;
				LastUpgradeCheck = 1250;
				TargetAttributes = {
					EF02AFFA26679355009378A2 = {
						CreatedOnToolsVersion = 12.5;
					};
					EFC6F579266781EB004920E6 = {
						CreatedOnToolsVersion = 12.5;
					};
					EFC6F581266781EB004920E6 = {
						CreatedOnToolsVersion = 12.5;
					};
				};
			};
			buildConfigurationList = EFC6F571266781EA004920E6 /* Build configuration list for PBXProject "FlipClock" */;
			compatibilityVersion = "Xcode 9.3";
			developmentRegion = en;
			hasScannedForEncodings = 0;
			knownRegions = (
				en,
				Base,
			);
			mainGroup = EFC6F56D266781EA004920E6;
			productRefGroup = EFC6F57B266781EB004920E6 /* Products */;
			projectDirPath = "";
			projectRoot = "";
			targets = (
				EFC6F579266781EB004920E6 /* FlipClock (iOS) */,
				EFC6F581266781EB004920E6 /* FlipClock (macOS) */,
				EF02AFFA26679355009378A2 /* ClockWidgetExtension */,
			);
		};
/* End PBXProject section */

/* Begin PBXResourcesBuildPhase section */
		EF02AFF926679355009378A2 /* Resources */ = {
			isa = PBXResourcesBuildPhase;
			buildActionMask = 2147483647;
			files = (
				EF02B00526679355009378A2 /* Assets.xcassets in Resources */,
				EF02B0152667989C009378A2 /* LetsGoDigital.ttf in Resources */,
			);
			runOnlyForDeploymentPostprocessing = 0;
		};
		EFC6F578266781EB004920E6 /* Resources */ = {
			isa = PBXResourcesBuildPhase;
			buildActionMask = 2147483647;
			files = (
				EFC6F58A266781EB004920E6 /* Assets.xcassets in Resources */,
			);
			runOnlyForDeploymentPostprocessing = 0;
		};
		EFC6F580266781EB004920E6 /* Resources */ = {
			isa = PBXResourcesBuildPhase;
			buildActionMask = 2147483647;
			files = (
				EFC6F58B266781EB004920E6 /* Assets.xcassets in Resources */,
			);
			runOnlyForDeploymentPostprocessing = 0;
		};
/* End PBXResourcesBuildPhase section */

/* Begin PBXSourcesBuildPhase section */
		EF02AFF726679355009378A2 /* Sources */ = {
			isa = PBXSourcesBuildPhase;
			buildActionMask = 2147483647;
			files = (
				EF02B00326679355009378A2 /* ClockWidget.swift in Sources */,
			);
			runOnlyForDeploymentPostprocessing = 0;
		};
		EFC6F576266781EB004920E6 /* Sources */ = {
			isa = PBXSourcesBuildPhase;
			buildActionMask = 2147483647;
			files = (
				EFC6F59A26678380004920E6 /* ColorExtension.swift in Sources */,
				EFC6F5A826678421004920E6 /* SingleFlipView.swift in Sources */,
				EFC6F5A0266783E2004920E6 /* FlipViewModel.swift in Sources */,
				EFC6F588266781EB004920E6 /* ContentView.swift in Sources */,
				EFC6F5AA26678421004920E6 /* ClockView.swift in Sources */,
				EFC6F586266781EB004920E6 /* FlipClockApp.swift in Sources */,
				EFC6F5A2266783E2004920E6 /* ClockViewModel.swift in Sources */,
				EFC6F5AC26678421004920E6 /* FlipView.swift in Sources */,
			);
			runOnlyForDeploymentPostprocessing = 0;
		};
		EFC6F57E266781EB004920E6 /* Sources */ = {
			isa = PBXSourcesBuildPhase;
			buildActionMask = 2147483647;
			files = (
				EFC6F59B26678380004920E6 /* ColorExtension.swift in Sources */,
				EFC6F5A926678421004920E6 /* SingleFlipView.swift in Sources */,
				EFC6F5A1266783E2004920E6 /* FlipViewModel.swift in Sources */,
				EFC6F589266781EB004920E6 /* ContentView.swift in Sources */,
				EFC6F5AB26678421004920E6 /* ClockView.swift in Sources */,
				EFC6F587266781EB004920E6 /* FlipClockApp.swift in Sources */,
				EFC6F5A3266783E2004920E6 /* ClockViewModel.swift in Sources */,
				EFC6F5AD26678421004920E6 /* FlipView.swift in Sources */,
			);
			runOnlyForDeploymentPostprocessing = 0;
		};
/* End PBXSourcesBuildPhase section */

/* Begin PBXTargetDependency section */
		EF02B00826679355009378A2 /* PBXTargetDependency */ = {
			isa = PBXTargetDependency;
			target = EF02AFFA26679355009378A2 /* ClockWidgetExtension */;
			targetProxy = EF02B00726679355009378A2 /* PBXContainerItemProxy */;
		};
/* End PBXTargetDependency section */

/* Begin XCBuildConfiguration section */
		EF02B00B26679355009378A2 /* Debug */ = {
			isa = XCBuildConfiguration;
			buildSettings = {
				ASSETCATALOG_COMPILER_GLOBAL_ACCENT_COLOR_NAME = AccentColor;
				ASSETCATALOG_COMPILER_WIDGET_BACKGROUND_COLOR_NAME = WidgetBackground;
				CODE_SIGN_STYLE = Automatic;
				DEVELOPMENT_TEAM = D6NGHAR2FG;
				INFOPLIST_FILE = ClockWidget/Info.plist;
				IPHONEOS_DEPLOYMENT_TARGET = 14.5;
				LD_RUNPATH_SEARCH_PATHS = (
					"$(inherited)",
					"@executable_path/Frameworks",
					"@executable_path/../../Frameworks",
				);
				PRODUCT_BUNDLE_IDENTIFIER = com.teenloong.FlipClock.ClockWidget;
				PRODUCT_NAME = "$(TARGET_NAME)";
				SDKROOT = iphoneos;
				SKIP_INSTALL = YES;
				SWIFT_VERSION = 5.0;
				TARGETED_DEVICE_FAMILY = "1,2";
			};
			name = Debug;
		};
		EF02B00C26679355009378A2 /* Release */ = {
			isa = XCBuildConfiguration;
			buildSettings = {
				ASSETCATALOG_COMPILER_GLOBAL_ACCENT_COLOR_NAME = AccentColor;
				ASSETCATALOG_COMPILER_WIDGET_BACKGROUND_COLOR_NAME = WidgetBackground;
				CODE_SIGN_STYLE = Automatic;
				DEVELOPMENT_TEAM = D6NGHAR2FG;
				INFOPLIST_FILE = ClockWidget/Info.plist;
				IPHONEOS_DEPLOYMENT_TARGET = 14.5;
				LD_RUNPATH_SEARCH_PATHS = (
					"$(inherited)",
					"@executable_path/Frameworks",
					"@executable_path/../../Frameworks",
				);
				PRODUCT_BUNDLE_IDENTIFIER = com.teenloong.FlipClock.ClockWidget;
				PRODUCT_NAME = "$(TARGET_NAME)";
				SDKROOT = iphoneos;
				SKIP_INSTALL = YES;
				SWIFT_VERSION = 5.0;
				TARGETED_DEVICE_FAMILY = "1,2";
				VALIDATE_PRODUCT = YES;
			};
			name = Release;
		};
		EFC6F58C266781EB004920E6 /* Debug */ = {
			isa = XCBuildConfiguration;
			buildSettings = {
				ALWAYS_SEARCH_USER_PATHS = NO;
				CLANG_ANALYZER_NONNULL = YES;
				CLANG_ANALYZER_NUMBER_OBJECT_CONVERSION = YES_AGGRESSIVE;
				CLANG_CXX_LANGUAGE_STANDARD = "gnu++14";
				CLANG_CXX_LIBRARY = "libc++";
				CLANG_ENABLE_MODULES = YES;
				CLANG_ENABLE_OBJC_ARC = YES;
				CLANG_ENABLE_OBJC_WEAK = YES;
				CLANG_WARN_BLOCK_CAPTURE_AUTORELEASING = YES;
				CLANG_WARN_BOOL_CONVERSION = YES;
				CLANG_WARN_COMMA = YES;
				CLANG_WARN_CONSTANT_CONVERSION = YES;
				CLANG_WARN_DEPRECATED_OBJC_IMPLEMENTATIONS = YES;
				CLANG_WARN_DIRECT_OBJC_ISA_USAGE = YES_ERROR;
				CLANG_WARN_DOCUMENTATION_COMMENTS = YES;
				CLANG_WARN_EMPTY_BODY = YES;
				CLANG_WARN_ENUM_CONVERSION = YES;
				CLANG_WARN_INFINITE_RECURSION = YES;
				CLANG_WARN_INT_CONVERSION = YES;
				CLANG_WARN_NON_LITERAL_NULL_CONVERSION = YES;
				CLANG_WARN_OBJC_IMPLICIT_RETAIN_SELF = YES;
				CLANG_WARN_OBJC_LITERAL_CONVERSION = YES;
				CLANG_WARN_OBJC_ROOT_CLASS = YES_ERROR;
				CLANG_WARN_QUOTED_INCLUDE_IN_FRAMEWORK_HEADER = YES;
				CLANG_WARN_RANGE_LOOP_ANALYSIS = YES;
				CLANG_WARN_STRICT_PROTOTYPES = YES;
				CLANG_WARN_SUSPICIOUS_MOVE = YES;
				CLANG_WARN_UNGUARDED_AVAILABILITY = YES_AGGRESSIVE;
				CLANG_WARN_UNREACHABLE_CODE = YES;
				CLANG_WARN__DUPLICATE_METHOD_MATCH = YES;
				COPY_PHASE_STRIP = NO;
				DEBUG_INFORMATION_FORMAT = dwarf;
				ENABLE_STRICT_OBJC_MSGSEND = YES;
				ENABLE_TESTABILITY = YES;
				GCC_C_LANGUAGE_STANDARD = gnu11;
				GCC_DYNAMIC_NO_PIC = NO;
				GCC_NO_COMMON_BLOCKS = YES;
				GCC_OPTIMIZATION_LEVEL = 0;
				GCC_PREPROCESSOR_DEFINITIONS = (
					"DEBUG=1",
					"$(inherited)",
				);
				GCC_WARN_64_TO_32_BIT_CONVERSION = YES;
				GCC_WARN_ABOUT_RETURN_TYPE = YES_ERROR;
				GCC_WARN_UNDECLARED_SELECTOR = YES;
				GCC_WARN_UNINITIALIZED_AUTOS = YES_AGGRESSIVE;
				GCC_WARN_UNUSED_FUNCTION = YES;
				GCC_WARN_UNUSED_VARIABLE = YES;
				MTL_ENABLE_DEBUG_INFO = INCLUDE_SOURCE;
				MTL_FAST_MATH = YES;
				ONLY_ACTIVE_ARCH = YES;
				SWIFT_ACTIVE_COMPILATION_CONDITIONS = DEBUG;
				SWIFT_OPTIMIZATION_LEVEL = "-Onone";
			};
			name = Debug;
		};
		EFC6F58D266781EB004920E6 /* Release */ = {
			isa = XCBuildConfiguration;
			buildSettings = {
				ALWAYS_SEARCH_USER_PATHS = NO;
				CLANG_ANALYZER_NONNULL = YES;
				CLANG_ANALYZER_NUMBER_OBJECT_CONVERSION = YES_AGGRESSIVE;
				CLANG_CXX_LANGUAGE_STANDARD = "gnu++14";
				CLANG_CXX_LIBRARY = "libc++";
				CLANG_ENABLE_MODULES = YES;
				CLANG_ENABLE_OBJC_ARC = YES;
				CLANG_ENABLE_OBJC_WEAK = YES;
				CLANG_WARN_BLOCK_CAPTURE_AUTORELEASING = YES;
				CLANG_WARN_BOOL_CONVERSION = YES;
				CLANG_WARN_COMMA = YES;
				CLANG_WARN_CONSTANT_CONVERSION = YES;
				CLANG_WARN_DEPRECATED_OBJC_IMPLEMENTATIONS = YES;
				CLANG_WARN_DIRECT_OBJC_ISA_USAGE = YES_ERROR;
				CLANG_WARN_DOCUMENTATION_COMMENTS = YES;
				CLANG_WARN_EMPTY_BODY = YES;
				CLANG_WARN_ENUM_CONVERSION = YES;
				CLANG_WARN_INFINITE_RECURSION = YES;
				CLANG_WARN_INT_CONVERSION = YES;
				CLANG_WARN_NON_LITERAL_NULL_CONVERSION = YES;
				CLANG_WARN_OBJC_IMPLICIT_RETAIN_SELF = YES;
				CLANG_WARN_OBJC_LITERAL_CONVERSION = YES;
				CLANG_WARN_OBJC_ROOT_CLASS = YES_ERROR;
				CLANG_WARN_QUOTED_INCLUDE_IN_FRAMEWORK_HEADER = YES;
				CLANG_WARN_RANGE_LOOP_ANALYSIS = YES;
				CLANG_WARN_STRICT_PROTOTYPES = YES;
				CLANG_WARN_SUSPICIOUS_MOVE = YES;
				CLANG_WARN_UNGUARDED_AVAILABILITY = YES_AGGRESSIVE;
				CLANG_WARN_UNREACHABLE_CODE = YES;
				CLANG_WARN__DUPLICATE_METHOD_MATCH = YES;
				COPY_PHASE_STRIP = NO;
				DEBUG_INFORMATION_FORMAT = "dwarf-with-dsym";
				ENABLE_NS_ASSERTIONS = NO;
				ENABLE_STRICT_OBJC_MSGSEND = YES;
				GCC_C_LANGUAGE_STANDARD = gnu11;
				GCC_NO_COMMON_BLOCKS = YES;
				GCC_WARN_64_TO_32_BIT_CONVERSION = YES;
				GCC_WARN_ABOUT_RETURN_TYPE = YES_ERROR;
				GCC_WARN_UNDECLARED_SELECTOR = YES;
				GCC_WARN_UNINITIALIZED_AUTOS = YES_AGGRESSIVE;
				GCC_WARN_UNUSED_FUNCTION = YES;
				GCC_WARN_UNUSED_VARIABLE = YES;
				MTL_ENABLE_DEBUG_INFO = NO;
				MTL_FAST_MATH = YES;
				SWIFT_COMPILATION_MODE = wholemodule;
				SWIFT_OPTIMIZATION_LEVEL = "-O";
			};
			name = Release;
		};
		EFC6F58F266781EB004920E6 /* Debug */ = {
			isa = XCBuildConfiguration;
			buildSettings = {
				ALWAYS_EMBED_SWIFT_STANDARD_LIBRARIES = YES;
				ASSETCATALOG_COMPILER_APPICON_NAME = AppIcon;
				ASSETCATALOG_COMPILER_GLOBAL_ACCENT_COLOR_NAME = AccentColor;
				CODE_SIGN_STYLE = Automatic;
				DEVELOPMENT_TEAM = D6NGHAR2FG;
				ENABLE_PREVIEWS = YES;
				INFOPLIST_FILE = iOS/Info.plist;
				IPHONEOS_DEPLOYMENT_TARGET = 14.0;
				LD_RUNPATH_SEARCH_PATHS = (
					"$(inherited)",
					"@executable_path/Frameworks",
				);
				PRODUCT_BUNDLE_IDENTIFIER = com.teenloong.FlipClock;
				PRODUCT_NAME = FlipClock;
				SDKROOT = iphoneos;
				SWIFT_VERSION = 5.0;
				TARGETED_DEVICE_FAMILY = "1,2";
			};
			name = Debug;
		};
		EFC6F590266781EB004920E6 /* Release */ = {
			isa = XCBuildConfiguration;
			buildSettings = {
				ALWAYS_EMBED_SWIFT_STANDARD_LIBRARIES = YES;
				ASSETCATALOG_COMPILER_APPICON_NAME = AppIcon;
				ASSETCATALOG_COMPILER_GLOBAL_ACCENT_COLOR_NAME = AccentColor;
				CODE_SIGN_STYLE = Automatic;
				DEVELOPMENT_TEAM = D6NGHAR2FG;
				ENABLE_PREVIEWS = YES;
				INFOPLIST_FILE = iOS/Info.plist;
				IPHONEOS_DEPLOYMENT_TARGET = 14.0;
				LD_RUNPATH_SEARCH_PATHS = (
					"$(inherited)",
					"@executable_path/Frameworks",
				);
				PRODUCT_BUNDLE_IDENTIFIER = com.teenloong.FlipClock;
				PRODUCT_NAME = FlipClock;
				SDKROOT = iphoneos;
				SWIFT_VERSION = 5.0;
				TARGETED_DEVICE_FAMILY = "1,2";
				VALIDATE_PRODUCT = YES;
			};
			name = Release;
		};
		EFC6F592266781EB004920E6 /* Debug */ = {
			isa = XCBuildConfiguration;
			buildSettings = {
				ASSETCATALOG_COMPILER_APPICON_NAME = AppIcon;
				ASSETCATALOG_COMPILER_GLOBAL_ACCENT_COLOR_NAME = AccentColor;
				CODE_SIGN_ENTITLEMENTS = macOS/macOS.entitlements;
				CODE_SIGN_STYLE = Automatic;
				COMBINE_HIDPI_IMAGES = YES;
				DEVELOPMENT_TEAM = D6NGHAR2FG;
				ENABLE_HARDENED_RUNTIME = YES;
				ENABLE_PREVIEWS = YES;
				INFOPLIST_FILE = macOS/Info.plist;
				LD_RUNPATH_SEARCH_PATHS = (
					"$(inherited)",
					"@executable_path/../Frameworks",
				);
				MACOSX_DEPLOYMENT_TARGET = 11.0;
				PRODUCT_BUNDLE_IDENTIFIER = com.teenloong.FlipClock;
				PRODUCT_NAME = FlipClock;
				SDKROOT = macosx;
				SWIFT_VERSION = 5.0;
			};
			name = Debug;
		};
		EFC6F593266781EB004920E6 /* Release */ = {
			isa = XCBuildConfiguration;
			buildSettings = {
				ASSETCATALOG_COMPILER_APPICON_NAME = AppIcon;
				ASSETCATALOG_COMPILER_GLOBAL_ACCENT_COLOR_NAME = AccentColor;
				CODE_SIGN_ENTITLEMENTS = macOS/macOS.entitlements;
				CODE_SIGN_STYLE = Automatic;
				COMBINE_HIDPI_IMAGES = YES;
				DEVELOPMENT_TEAM = D6NGHAR2FG;
				ENABLE_HARDENED_RUNTIME = YES;
				ENABLE_PREVIEWS = YES;
				INFOPLIST_FILE = macOS/Info.plist;
				LD_RUNPATH_SEARCH_PATHS = (
					"$(inherited)",
					"@executable_path/../Frameworks",
				);
				MACOSX_DEPLOYMENT_TARGET = 11.0;
				PRODUCT_BUNDLE_IDENTIFIER = com.teenloong.FlipClock;
				PRODUCT_NAME = FlipClock;
				SDKROOT = macosx;
				SWIFT_VERSION = 5.0;
			};
			name = Release;
		};
/* End XCBuildConfiguration section */

/* Begin XCConfigurationList section */
		EF02B00D26679355009378A2 /* Build configuration list for PBXNativeTarget "ClockWidgetExtension" */ = {
			isa = XCConfigurationList;
			buildConfigurations = (
				EF02B00B26679355009378A2 /* Debug */,
				EF02B00C26679355009378A2 /* Release */,
			);
			defaultConfigurationIsVisible = 0;
			defaultConfigurationName = Release;
		};
		EFC6F571266781EA004920E6 /* Build configuration list for PBXProject "FlipClock" */ = {
			isa = XCConfigurationList;
			buildConfigurations = (
				EFC6F58C266781EB004920E6 /* Debug */,
				EFC6F58D266781EB004920E6 /* Release */,
			);
			defaultConfigurationIsVisible = 0;
			defaultConfigurationName = Release;
		};
		EFC6F58E266781EB004920E6 /* Build configuration list for PBXNativeTarget "FlipClock (iOS)" */ = {
			isa = XCConfigurationList;
			buildConfigurations = (
				EFC6F58F266781EB004920E6 /* Debug */,
				EFC6F590266781EB004920E6 /* Release */,
			);
			defaultConfigurationIsVisible = 0;
			defaultConfigurationName = Release;
		};
		EFC6F591266781EB004920E6 /* Build configuration list for PBXNativeTarget "FlipClock (macOS)" */ = {
			isa = XCConfigurationList;
			buildConfigurations = (
				EFC6F592266781EB004920E6 /* Debug */,
				EFC6F593266781EB004920E6 /* Release */,
			);
			defaultConfigurationIsVisible = 0;
			defaultConfigurationName = Release;
		};
/* End XCConfigurationList section */
	};
	rootObject = EFC6F56E266781EA004920E6 /* Project object */;
}
