// !$*UTF8*$!
{
	archiveVersion = 1;
	classes = {
	};
	objectVersion = 50;
	objects = {

/* Begin PBXBuildFile section */
		2BA5B6C524476A83009E1B16 /* AppDelegate.swift in Sources */ = {isa = PBXBuildFile; fileRef = 2BA5B6C424476A83009E1B16 /* AppDelegate.swift */; };
		2BA5B6C724476A83009E1B16 /* SceneDelegate.swift in Sources */ = {isa = PBXBuildFile; fileRef = 2BA5B6C624476A83009E1B16 /* SceneDelegate.swift */; };
		2BA5B6C924476A83009E1B16 /* ContentView.swift in Sources */ = {isa = PBXBuildFile; fileRef = 2BA5B6C824476A83009E1B16 /* ContentView.swift */; };
		2BA5B6CB24476A86009E1B16 /* Assets.xcassets in Resources */ = {isa = PBXBuildFile; fileRef = 2BA5B6CA24476A86009E1B16 /* Assets.xcassets */; };
		2BA5B6CE24476A86009E1B16 /* Preview Assets.xcassets in Resources */ = {isa = PBXBuildFile; fileRef = 2BA5B6CD24476A86009E1B16 /* Preview Assets.xcassets */; };
		2BA5B6D124476A86009E1B16 /* LaunchScreen.storyboard in Resources */ = {isa = PBXBuildFile; fileRef = 2BA5B6CF24476A86009E1B16 /* LaunchScreen.storyboard */; };
		2BA5B6E624476B7F009E1B16 /* FlipViewModel.swift in Sources */ = {isa = PBXBuildFile; fileRef = 2BA5B6E424476B7F009E1B16 /* FlipViewModel.swift */; };
		2BA5B6E724476B7F009E1B16 /* ClockViewModel.swift in Sources */ = {isa = PBXBuildFile; fileRef = 2BA5B6E524476B7F009E1B16 /* ClockViewModel.swift */; };
		2BA5B6EB24476B8A009E1B16 /* SingleFlipView.swift in Sources */ = {isa = PBXBuildFile; fileRef = 2BA5B6E824476B8A009E1B16 /* SingleFlipView.swift */; };
		2BA5B6EC24476B8A009E1B16 /* FlipView.swift in Sources */ = {isa = PBXBuildFile; fileRef = 2BA5B6E924476B8A009E1B16 /* FlipView.swift */; };
		2BA5B6ED24476B8A009E1B16 /* ClockView.swift in Sources */ = {isa = PBXBuildFile; fileRef = 2BA5B6EA24476B8A009E1B16 /* ClockView.swift */; };
		2BA5B6F024476F23009E1B16 /* ColorExtension.swift in Sources */ = {isa = PBXBuildFile; fileRef = 2BA5B6EF24476F23009E1B16 /* ColorExtension.swift */; };
		2BB336062448AD04005B5300 /* Gif in Resources */ = {isa = PBXBuildFile; fileRef = 2BB336052448AD03005B5300 /* Gif */; };
/* End PBXBuildFile section */

/* Begin PBXFileReference section */
		2BA5B6C124476A83009E1B16 /* FlipClock.app */ = {isa = PBXFileReference; explicitFileType = wrapper.application; includeInIndex = 0; path = FlipClock.app; sourceTree = BUILT_PRODUCTS_DIR; };
		2BA5B6C424476A83009E1B16 /* AppDelegate.swift */ = {isa = PBXFileReference; lastKnownFileType = sourcecode.swift; path = AppDelegate.swift; sourceTree = "<group>"; };
		2BA5B6C624476A83009E1B16 /* SceneDelegate.swift */ = {isa = PBXFileReference; lastKnownFileType = sourcecode.swift; path = SceneDelegate.swift; sourceTree = "<group>"; };
		2BA5B6C824476A83009E1B16 /* ContentView.swift */ = {isa = PBXFileReference; lastKnownFileType = sourcecode.swift; path = ContentView.swift; sourceTree = "<group>"; };
		2BA5B6CA24476A86009E1B16 /* Assets.xcassets */ = {isa = PBXFileReference; lastKnownFileType = folder.assetcatalog; path = Assets.xcassets; sourceTree = "<group>"; };
		2BA5B6CD24476A86009E1B16 /* Preview Assets.xcassets */ = {isa = PBXFileReference; lastKnownFileType = folder.assetcatalog; path = "Preview Assets.xcassets"; sourceTree = "<group>"; };
		2BA5B6D024476A86009E1B16 /* Base */ = {isa = PBXFileReference; lastKnownFileType = file.storyboard; name = Base; path = Base.lproj/LaunchScreen.storyboard; sourceTree = "<group>"; };
		2BA5B6D224476A86009E1B16 /* Info.plist */ = {isa = PBXFileReference; lastKnownFileType = text.plist.xml; path = Info.plist; sourceTree = "<group>"; };
		2BA5B6E424476B7F009E1B16 /* FlipViewModel.swift */ = {isa = PBXFileReference; fileEncoding = 4; lastKnownFileType = sourcecode.swift; path = FlipViewModel.swift; sourceTree = "<group>"; };
		2BA5B6E524476B7F009E1B16 /* ClockViewModel.swift */ = {isa = PBXFileReference; fileEncoding = 4; lastKnownFileType = sourcecode.swift; path = ClockViewModel.swift; sourceTree = "<group>"; };
		2BA5B6E824476B8A009E1B16 /* SingleFlipView.swift */ = {isa = PBXFileReference; fileEncoding = 4; lastKnownFileType = sourcecode.swift; path = SingleFlipView.swift; sourceTree = "<group>"; };
		2BA5B6E924476B8A009E1B16 /* FlipView.swift */ = {isa = PBXFileReference; fileEncoding = 4; lastKnownFileType = sourcecode.swift; path = FlipView.swift; sourceTree = "<group>"; };
		2BA5B6EA24476B8A009E1B16 /* ClockView.swift */ = {isa = PBXFileReference; fileEncoding = 4; lastKnownFileType = sourcecode.swift; path = ClockView.swift; sourceTree = "<group>"; };
		2BA5B6EF24476F23009E1B16 /* ColorExtension.swift */ = {isa = PBXFileReference; lastKnownFileType = sourcecode.swift; path = ColorExtension.swift; sourceTree = "<group>"; };
		2BB336052448AD03005B5300 /* Gif */ = {isa = PBXFileReference; fileEncoding = 4; lastKnownFileType = folder; path = Gif; sourceTree = SOURCE_ROOT; };
/* End PBXFileReference section */

/* Begin PBXFrameworksBuildPhase section */
		2BA5B6BE24476A83009E1B16 /* Frameworks */ = {
			isa = PBXFrameworksBuildPhase;
			buildActionMask = 2147483647;
			files = (
			);
			runOnlyForDeploymentPostprocessing = 0;
		};
/* End PBXFrameworksBuildPhase section */

/* Begin PBXGroup section */
		2BA5B6B824476A83009E1B16 = {
			isa = PBXGroup;
			children = (
				2BA5B6C324476A83009E1B16 /* FlipClock */,
				2BA5B6C224476A83009E1B16 /* Products */,
			);
			sourceTree = "<group>";
		};
		2BA5B6C224476A83009E1B16 /* Products */ = {
			isa = PBXGroup;
			children = (
				2BA5B6C124476A83009E1B16 /* FlipClock.app */,
			);
			name = Products;
			sourceTree = "<group>";
		};
		2BA5B6C324476A83009E1B16 /* FlipClock */ = {
			isa = PBXGroup;
			children = (
				2BB336052448AD03005B5300 /* Gif */,
				2BA5B6EE24476EDA009E1B16 /* Extensions */,
				2BA5B6DF24476B0B009E1B16 /* ViewModel */,
				2BA5B6D824476AE7009E1B16 /* View */,
				2BA5B6C424476A83009E1B16 /* AppDelegate.swift */,
				2BA5B6C624476A83009E1B16 /* SceneDelegate.swift */,
				2BA5B6C824476A83009E1B16 /* ContentView.swift */,
				2BA5B6CA24476A86009E1B16 /* Assets.xcassets */,
				2BA5B6CF24476A86009E1B16 /* LaunchScreen.storyboard */,
				2BA5B6D224476A86009E1B16 /* Info.plist */,
				2BA5B6CC24476A86009E1B16 /* Preview Content */,
			);
			path = FlipClock;
			sourceTree = "<group>";
		};
		2BA5B6CC24476A86009E1B16 /* Preview Content */ = {
			isa = PBXGroup;
			children = (
				2BA5B6CD24476A86009E1B16 /* Preview Assets.xcassets */,
			);
			path = "Preview Content";
			sourceTree = "<group>";
		};
		2BA5B6D824476AE7009E1B16 /* View */ = {
			isa = PBXGroup;
			children = (
				2BA5B6EA24476B8A009E1B16 /* ClockView.swift */,
				2BA5B6E924476B8A009E1B16 /* FlipView.swift */,
				2BA5B6E824476B8A009E1B16 /* SingleFlipView.swift */,
			);
			path = View;
			sourceTree = "<group>";
		};
		2BA5B6DF24476B0B009E1B16 /* ViewModel */ = {
			isa = PBXGroup;
			children = (
				2BA5B6E524476B7F009E1B16 /* ClockViewModel.swift */,
				2BA5B6E424476B7F009E1B16 /* FlipViewModel.swift */,
			);
			path = ViewModel;
			sourceTree = "<group>";
		};
		2BA5B6EE24476EDA009E1B16 /* Extensions */ = {
			isa = PBXGroup;
			children = (
				2BA5B6EF24476F23009E1B16 /* ColorExtension.swift */,
			);
			path = Extensions;
			sourceTree = "<group>";
		};
/* End PBXGroup section */

/* Begin PBXNativeTarget section */
		2BA5B6C024476A83009E1B16 /* FlipClock */ = {
			isa = PBXNativeTarget;
			buildConfigurationList = 2BA5B6D524476A86009E1B16 /* Build configuration list for PBXNativeTarget "FlipClock" */;
			buildPhases = (
				2BA5B6BD24476A83009E1B16 /* Sources */,
				2BA5B6BE24476A83009E1B16 /* Frameworks */,
				2BA5B6BF24476A83009E1B16 /* Resources */,
			);
			buildRules = (
			);
			dependencies = (
			);
			name = FlipClock;
			productName = FlipClock;
			productReference = 2BA5B6C124476A83009E1B16 /* FlipClock.app */;
			productType = "com.apple.product-type.application";
		};
/* End PBXNativeTarget section */

/* Begin PBXProject section */
		2BA5B6B924476A83009E1B16 /* Project object */ = {
			isa = PBXProject;
			attributes = {
				LastSwiftUpdateCheck = 1140;
				LastUpgradeCheck = 1250;
				ORGANIZATIONNAME = teeloong;
				TargetAttributes = {
					2BA5B6C024476A83009E1B16 = {
						CreatedOnToolsVersion = 11.4;
					};
				};
			};
			buildConfigurationList = 2BA5B6BC24476A83009E1B16 /* Build configuration list for PBXProject "FlipClock" */;
			compatibilityVersion = "Xcode 9.3";
			developmentRegion = en;
			hasScannedForEncodings = 0;
			knownRegions = (
				en,
				Base,
			);
			mainGroup = 2BA5B6B824476A83009E1B16;
			productRefGroup = 2BA5B6C224476A83009E1B16 /* Products */;
			projectDirPath = "";
			projectRoot = "";
			targets = (
				2BA5B6C024476A83009E1B16 /* FlipClock */,
			);
		};
/* End PBXProject section */

/* Begin PBXResourcesBuildPhase section */
		2BA5B6BF24476A83009E1B16 /* Resources */ = {
			isa = PBXResourcesBuildPhase;
			buildActionMask = 2147483647;
			files = (
				2BA5B6D124476A86009E1B16 /* LaunchScreen.storyboard in Resources */,
				2BA5B6CE24476A86009E1B16 /* Preview Assets.xcassets in Resources */,
				2BB336062448AD04005B5300 /* Gif in Resources */,
				2BA5B6CB24476A86009E1B16 /* Assets.xcassets in Resources */,
			);
			runOnlyForDeploymentPostprocessing = 0;
		};
/* End PBXResourcesBuildPhase section */

/* Begin PBXSourcesBuildPhase section */
		2BA5B6BD24476A83009E1B16 /* Sources */ = {
			isa = PBXSourcesBuildPhase;
			buildActionMask = 2147483647;
			files = (
				2BA5B6C524476A83009E1B16 /* AppDelegate.swift in Sources */,
				2BA5B6ED24476B8A009E1B16 /* ClockView.swift in Sources */,
				2BA5B6EC24476B8A009E1B16 /* FlipView.swift in Sources */,
				2BA5B6F024476F23009E1B16 /* ColorExtension.swift in Sources */,
				2BA5B6EB24476B8A009E1B16 /* SingleFlipView.swift in Sources */,
				2BA5B6E624476B7F009E1B16 /* FlipViewModel.swift in Sources */,
				2BA5B6C724476A83009E1B16 /* SceneDelegate.swift in Sources */,
				2BA5B6C924476A83009E1B16 /* ContentView.swift in Sources */,
				2BA5B6E724476B7F009E1B16 /* ClockViewModel.swift in Sources */,
			);
			runOnlyForDeploymentPostprocessing = 0;
		};
/* End PBXSourcesBuildPhase section */

/* Begin PBXVariantGroup section */
		2BA5B6CF24476A86009E1B16 /* LaunchScreen.storyboard */ = {
			isa = PBXVariantGroup;
			children = (
				2BA5B6D024476A86009E1B16 /* Base */,
			);
			name = LaunchScreen.storyboard;
			sourceTree = "<group>";
		};
/* End PBXVariantGroup section */

/* Begin XCBuildConfiguration section */
		2BA5B6D324476A86009E1B16 /* Debug */ = {
			isa = XCBuildConfiguration;
			buildSettings = {
				ALWAYS_SEARCH_USER_PATHS = NO;
				CLANG_ANALYZER_NONNULL = YES;
				CLANG_ANALYZER_NUMBER_OBJECT_CONVERSION = YES_AGGRESSIVE;
				CLANG_CXX_LANGUAGE_STANDARD = "gnu++14";
				CLANG_CXX_LIBRARY = "libc++";
				CLANG_ENABLE_MODULES = YES;
				CLANG_ENABLE_OBJC_ARC = YES;
				CLANG_ENABLE_OBJC_WEAK = YES;
				CLANG_WARN_BLOCK_CAPTURE_AUTORELEASING = YES;
				CLANG_WARN_BOOL_CONVERSION = YES;
				CLANG_WARN_COMMA = YES;
				CLANG_WARN_CONSTANT_CONVERSION = YES;
				CLANG_WARN_DEPRECATED_OBJC_IMPLEMENTATIONS = YES;
				CLANG_WARN_DIRECT_OBJC_ISA_USAGE = YES_ERROR;
				CLANG_WARN_DOCUMENTATION_COMMENTS = YES;
				CLANG_WARN_EMPTY_BODY = YES;
				CLANG_WARN_ENUM_CONVERSION = YES;
				CLANG_WARN_INFINITE_RECURSION = YES;
				CLANG_WARN_INT_CONVERSION = YES;
				CLANG_WARN_NON_LITERAL_NULL_CONVERSION = YES;
				CLANG_WARN_OBJC_IMPLICIT_RETAIN_SELF = YES;
				CLANG_WARN_OBJC_LITERAL_CONVERSION = YES;
				CLANG_WARN_OBJC_ROOT_CLASS = YES_ERROR;
				CLANG_WARN_QUOTED_INCLUDE_IN_FRAMEWORK_HEADER = YES;
				CLANG_WARN_RANGE_LOOP_ANALYSIS = YES;
				CLANG_WARN_STRICT_PROTOTYPES = YES;
				CLANG_WARN_SUSPICIOUS_MOVE = YES;
				CLANG_WARN_UNGUARDED_AVAILABILITY = YES_AGGRESSIVE;
				CLANG_WARN_UNREACHABLE_CODE = YES;
				CLANG_WARN__DUPLICATE_METHOD_MATCH = YES;
				COPY_PHASE_STRIP = NO;
				DEBUG_INFORMATION_FORMAT = dwarf;
				ENABLE_STRICT_OBJC_MSGSEND = YES;
				ENABLE_TESTABILITY = YES;
				GCC_C_LANGUAGE_STANDARD = gnu11;
				GCC_DYNAMIC_NO_PIC = NO;
				GCC_NO_COMMON_BLOCKS = YES;
				GCC_OPTIMIZATION_LEVEL = 0;
				GCC_PREPROCESSOR_DEFINITIONS = (
					"DEBUG=1",
					"$(inherited)",
				);
				GCC_WARN_64_TO_32_BIT_CONVERSION = YES;
				GCC_WARN_ABOUT_RETURN_TYPE = YES_ERROR;
				GCC_WARN_UNDECLARED_SELECTOR = YES;
				GCC_WARN_UNINITIALIZED_AUTOS = YES_AGGRESSIVE;
				GCC_WARN_UNUSED_FUNCTION = YES;
				GCC_WARN_UNUSED_VARIABLE = YES;
				IPHONEOS_DEPLOYMENT_TARGET = 14.0;
				MTL_ENABLE_DEBUG_INFO = INCLUDE_SOURCE;
				MTL_FAST_MATH = YES;
				ONLY_ACTIVE_ARCH = YES;
				SDKROOT = iphoneos;
				SWIFT_ACTIVE_COMPILATION_CONDITIONS = DEBUG;
				SWIFT_OPTIMIZATION_LEVEL = "-Onone";
			};
			name = Debug;
		};
		2BA5B6D424476A86009E1B16 /* Release */ = {
			isa = XCBuildConfiguration;
			buildSettings = {
				ALWAYS_SEARCH_USER_PATHS = NO;
				CLANG_ANALYZER_NONNULL = YES;
				CLANG_ANALYZER_NUMBER_OBJECT_CONVERSION = YES_AGGRESSIVE;
				CLANG_CXX_LANGUAGE_STANDARD = "gnu++14";
				CLANG_CXX_LIBRARY = "libc++";
				CLANG_ENABLE_MODULES = YES;
				CLANG_ENABLE_OBJC_ARC = YES;
				CLANG_ENABLE_OBJC_WEAK = YES;
				CLANG_WARN_BLOCK_CAPTURE_AUTORELEASING = YES;
				CLANG_WARN_BOOL_CONVERSION = YES;
				CLANG_WARN_COMMA = YES;
				CLANG_WARN_CONSTANT_CONVERSION = YES;
				CLANG_WARN_DEPRECATED_OBJC_IMPLEMENTATIONS = YES;
				CLANG_WARN_DIRECT_OBJC_ISA_USAGE = YES_ERROR;
				CLANG_WARN_DOCUMENTATION_COMMENTS = YES;
				CLANG_WARN_EMPTY_BODY = YES;
				CLANG_WARN_ENUM_CONVERSION = YES;
				CLANG_WARN_INFINITE_RECURSION = YES;
				CLANG_WARN_INT_CONVERSION = YES;
				CLANG_WARN_NON_LITERAL_NULL_CONVERSION = YES;
				CLANG_WARN_OBJC_IMPLICIT_RETAIN_SELF = YES;
				CLANG_WARN_OBJC_LITERAL_CONVERSION = YES;
				CLANG_WARN_OBJC_ROOT_CLASS = YES_ERROR;
				CLANG_WARN_QUOTED_INCLUDE_IN_FRAMEWORK_HEADER = YES;
				CLANG_WARN_RANGE_LOOP_ANALYSIS = YES;
				CLANG_WARN_STRICT_PROTOTYPES = YES;
				CLANG_WARN_SUSPICIOUS_MOVE = YES;
				CLANG_WARN_UNGUARDED_AVAILABILITY = YES_AGGRESSIVE;
				CLANG_WARN_UNREACHABLE_CODE = YES;
				CLANG_WARN__DUPLICATE_METHOD_MATCH = YES;
				COPY_PHASE_STRIP = NO;
				DEBUG_INFORMATION_FORMAT = "dwarf-with-dsym";
				ENABLE_NS_ASSERTIONS = NO;
				ENABLE_STRICT_OBJC_MSGSEND = YES;
				GCC_C_LANGUAGE_STANDARD = gnu11;
				GCC_NO_COMMON_BLOCKS = YES;
				GCC_WARN_64_TO_32_BIT_CONVERSION = YES;
				GCC_WARN_ABOUT_RETURN_TYPE = YES_ERROR;
				GCC_WARN_UNDECLARED_SELECTOR = YES;
				GCC_WARN_UNINITIALIZED_AUTOS = YES_AGGRESSIVE;
				GCC_WARN_UNUSED_FUNCTION = YES;
				GCC_WARN_UNUSED_VARIABLE = YES;
				IPHONEOS_DEPLOYMENT_TARGET = 14.0;
				MTL_ENABLE_DEBUG_INFO = NO;
				MTL_FAST_MATH = YES;
				SDKROOT = iphoneos;
				SWIFT_COMPILATION_MODE = wholemodule;
				SWIFT_OPTIMIZATION_LEVEL = "-O";
				VALIDATE_PRODUCT = YES;
			};
			name = Release;
		};
		2BA5B6D624476A86009E1B16 /* Debug */ = {
			isa = XCBuildConfiguration;
			buildSettings = {
				ASSETCATALOG_COMPILER_APPICON_NAME = AppIcon;
				CODE_SIGN_STYLE = Automatic;
				DEVELOPMENT_ASSET_PATHS = "\"FlipClock/Preview Content\"";
				DEVELOPMENT_TEAM = D6NGHAR2FG;
				ENABLE_PREVIEWS = YES;
				INFOPLIST_FILE = FlipClock/Info.plist;
				IPHONEOS_DEPLOYMENT_TARGET = 14.0;
				LD_RUNPATH_SEARCH_PATHS = (
					"$(inherited)",
					"@executable_path/Frameworks",
				);
				PRODUCT_BUNDLE_IDENTIFIER = com.teeloong.FlipClock;
				PRODUCT_NAME = "$(TARGET_NAME)";
				SWIFT_VERSION = 5.0;
				TARGETED_DEVICE_FAMILY = "1,2";
			};
			name = Debug;
		};
		2BA5B6D724476A86009E1B16 /* Release */ = {
			isa = XCBuildConfiguration;
			buildSettings = {
				ASSETCATALOG_COMPILER_APPICON_NAME = AppIcon;
				CODE_SIGN_STYLE = Automatic;
				DEVELOPMENT_ASSET_PATHS = "\"FlipClock/Preview Content\"";
				DEVELOPMENT_TEAM = D6NGHAR2FG;
				ENABLE_PREVIEWS = YES;
				INFOPLIST_FILE = FlipClock/Info.plist;
				IPHONEOS_DEPLOYMENT_TARGET = 14.0;
				LD_RUNPATH_SEARCH_PATHS = (
					"$(inherited)",
					"@executable_path/Frameworks",
				);
				PRODUCT_BUNDLE_IDENTIFIER = com.teeloong.FlipClock;
				PRODUCT_NAME = "$(TARGET_NAME)";
				SWIFT_VERSION = 5.0;
				TARGETED_DEVICE_FAMILY = "1,2";
			};
			name = Release;
		};
/* End XCBuildConfiguration section */

/* Begin XCConfigurationList section */
		2BA5B6BC24476A83009E1B16 /* Build configuration list for PBXProject "FlipClock" */ = {
			isa = XCConfigurationList;
			buildConfigurations = (
				2BA5B6D324476A86009E1B16 /* Debug */,
				2BA5B6D424476A86009E1B16 /* Release */,
			);
			defaultConfigurationIsVisible = 0;
			defaultConfigurationName = Release;
		};
		2BA5B6D524476A86009E1B16 /* Build configuration list for PBXNativeTarget "FlipClock" */ = {
			isa = XCConfigurationList;
			buildConfigurations = (
				2BA5B6D624476A86009E1B16 /* Debug */,
				2BA5B6D724476A86009E1B16 /* Release */,
			);
			defaultConfigurationIsVisible = 0;
			defaultConfigurationName = Release;
		};
/* End XCConfigurationList section */
	};
	rootObject = 2BA5B6B924476A83009E1B16 /* Project object */;
}
